
Microsoft Visual Studio Solution File, Format Version 12.00
# Visual Studio Version 17
VisualStudioVersion = 17.10.35201.131
MinimumVisualStudioVersion = 10.0.40219.1
Project("{FAE04EC0-301F-11D3-BF4B-00C04F79EFBC}") = "NasaImages.Android", "NasaImages\NasaImages.Android\NasaImages.Android.csproj", "{071A11A1-EB14-490C-B607-E92C0F12342F}"
EndProject
Project("{FAE04EC0-301F-11D3-BF4B-00C04F79EFBC}") = "NasaImages.iOS", "NasaImages\NasaImages.iOS\NasaImages.iOS.csproj", "{0EF8737C-757C-4772-B10D-D5DB605FEBA0}"
EndProject
Project("{9A19103F-16F7-4668-BE54-9A1E7A4F7556}") = "NasaImages", "NasaImages\NasaImages\NasaImages.csproj", "{82FB3C24-0670-4EBB-B65F-BA88DC318EE2}"
EndProject
Project("{FAE04EC0-301F-11D3-BF4B-00C04F79EFBC}") = "UnitTests", "UnitTests\UnitTests.csproj", "{F252510C-0123-41B0-BC49-FE047E2815A3}"
EndProject
Global
	GlobalSection(SolutionConfigurationPlatforms) = preSolution
		Debug|Any CPU = Debug|Any CPU
		Debug|iPhone = Debug|iPhone
		Debug|iPhoneSimulator = Debug|iPhoneSimulator
		Release|Any CPU = Release|Any CPU
		Release|iPhone = Release|iPhone
		Release|iPhoneSimulator = Release|iPhoneSimulator
	EndGlobalSection
	GlobalSection(ProjectConfigurationPlatforms) = postSolution
		{071A11A1-EB14-490C-B607-E92C0F12342F}.Debug|Any CPU.ActiveCfg = Debug|Any CPU
		{071A11A1-EB14-490C-B607-E92C0F12342F}.Debug|Any CPU.Build.0 = Debug|Any CPU
		{071A11A1-EB14-490C-B607-E92C0F12342F}.Debug|Any CPU.Deploy.0 = Debug|Any CPU
		{071A11A1-EB14-490C-B607-E92C0F12342F}.Debug|iPhone.ActiveCfg = Debug|Any CPU
		{071A11A1-EB14-490C-B607-E92C0F12342F}.Debug|iPhone.Build.0 = Debug|Any CPU
		{071A11A1-EB14-490C-B607-E92C0F12342F}.Debug|iPhone.Deploy.0 = Debug|Any CPU
		{071A11A1-EB14-490C-B607-E92C0F12342F}.Debug|iPhoneSimulator.ActiveCfg = Debug|Any CPU
		{071A11A1-EB14-490C-B607-E92C0F12342F}.Debug|iPhoneSimulator.Build.0 = Debug|Any CPU
		{071A11A1-EB14-490C-B607-E92C0F12342F}.Debug|iPhoneSimulator.Deploy.0 = Debug|Any CPU
		{071A11A1-EB14-490C-B607-E92C0F12342F}.Release|Any CPU.ActiveCfg = Release|Any CPU
		{071A11A1-EB14-490C-B607-E92C0F12342F}.Release|Any CPU.Build.0 = Release|Any CPU
		{071A11A1-EB14-490C-B607-E92C0F12342F}.Release|Any CPU.Deploy.0 = Release|Any CPU
		{071A11A1-EB14-490C-B607-E92C0F12342F}.Release|iPhone.ActiveCfg = Release|Any CPU
		{071A11A1-EB14-490C-B607-E92C0F12342F}.Release|iPhone.Build.0 = Release|Any CPU
		{071A11A1-EB14-490C-B607-E92C0F12342F}.Release|iPhone.Deploy.0 = Release|Any CPU
		{071A11A1-EB14-490C-B607-E92C0F12342F}.Release|iPhoneSimulator.ActiveCfg = Release|Any CPU
		{071A11A1-EB14-490C-B607-E92C0F12342F}.Release|iPhoneSimulator.Build.0 = Release|Any CPU
		{071A11A1-EB14-490C-B607-E92C0F12342F}.Release|iPhoneSimulator.Deploy.0 = Release|Any CPU
		{0EF8737C-757C-4772-B10D-D5DB605FEBA0}.Debug|Any CPU.ActiveCfg = Debug|iPhone
		{0EF8737C-757C-4772-B10D-D5DB605FEBA0}.Debug|Any CPU.Build.0 = Debug|iPhone
		{0EF8737C-757C-4772-B10D-D5DB605FEBA0}.Debug|Any CPU.Deploy.0 = Debug|iPhone
		{0EF8737C-757C-4772-B10D-D5DB605FEBA0}.Debug|iPhone.ActiveCfg = Debug|iPhone
		{0EF8737C-757C-4772-B10D-D5DB605FEBA0}.Debug|iPhone.Build.0 = Debug|iPhone
		{0EF8737C-757C-4772-B10D-D5DB605FEBA0}.Debug|iPhone.Deploy.0 = Debug|iPhone
		{0EF8737C-757C-4772-B10D-D5DB605FEBA0}.Debug|iPhoneSimulator.ActiveCfg = Debug|iPhoneSimulator
		{0EF8737C-757C-4772-B10D-D5DB605FEBA0}.Debug|iPhoneSimulator.Build.0 = Debug|iPhoneSimulator
		{0EF8737C-757C-4772-B10D-D5DB605FEBA0}.Debug|iPhoneSimulator.Deploy.0 = Debug|iPhoneSimulator
		{0EF8737C-757C-4772-B10D-D5DB605FEBA0}.Release|Any CPU.ActiveCfg = Release|iPhoneSimulator
		{0EF8737C-757C-4772-B10D-D5DB605FEBA0}.Release|Any CPU.Build.0 = Release|iPhoneSimulator
		{0EF8737C-757C-4772-B10D-D5DB605FEBA0}.Release|Any CPU.Deploy.0 = Release|iPhoneSimulator
		{0EF8737C-757C-4772-B10D-D5DB605FEBA0}.Release|iPhone.ActiveCfg = Release|iPhone
		{0EF8737C-757C-4772-B10D-D5DB605FEBA0}.Release|iPhone.Build.0 = Release|iPhone
		{0EF8737C-757C-4772-B10D-D5DB605FEBA0}.Release|iPhone.Deploy.0 = Release|iPhone
		{0EF8737C-757C-4772-B10D-D5DB605FEBA0}.Release|iPhoneSimulator.ActiveCfg = Release|iPhoneSimulator
		{0EF8737C-757C-4772-B10D-D5DB605FEBA0}.Release|iPhoneSimulator.Build.0 = Release|iPhoneSimulator
		{0EF8737C-757C-4772-B10D-D5DB605FEBA0}.Release|iPhoneSimulator.Deploy.0 = Release|iPhoneSimulator
		{82FB3C24-0670-4EBB-B65F-BA88DC318EE2}.Debug|Any CPU.ActiveCfg = Debug|Any CPU
		{82FB3C24-0670-4EBB-B65F-BA88DC318EE2}.Debug|Any CPU.Build.0 = Debug|Any CPU
		{82FB3C24-0670-4EBB-B65F-BA88DC318EE2}.Debug|Any CPU.Deploy.0 = Debug|Any CPU
		{82FB3C24-0670-4EBB-B65F-BA88DC318EE2}.Debug|iPhone.ActiveCfg = Debug|Any CPU
		{82FB3C24-0670-4EBB-B65F-BA88DC318EE2}.Debug|iPhone.Build.0 = Debug|Any CPU
		{82FB3C24-0670-4EBB-B65F-BA88DC318EE2}.Debug|iPhone.Deploy.0 = Debug|Any CPU
		{82FB3C24-0670-4EBB-B65F-BA88DC318EE2}.Debug|iPhoneSimulator.ActiveCfg = Debug|Any CPU
		{82FB3C24-0670-4EBB-B65F-BA88DC318EE2}.Debug|iPhoneSimulator.Build.0 = Debug|Any CPU
		{82FB3C24-0670-4EBB-B65F-BA88DC318EE2}.Debug|iPhoneSimulator.Deploy.0 = Debug|Any CPU
		{82FB3C24-0670-4EBB-B65F-BA88DC318EE2}.Release|Any CPU.ActiveCfg = Release|Any CPU
		{82FB3C24-0670-4EBB-B65F-BA88DC318EE2}.Release|Any CPU.Build.0 = Release|Any CPU
		{82FB3C24-0670-4EBB-B65F-BA88DC318EE2}.Release|Any CPU.Deploy.0 = Release|Any CPU
		{82FB3C24-0670-4EBB-B65F-BA88DC318EE2}.Release|iPhone.ActiveCfg = Release|Any CPU
		{82FB3C24-0670-4EBB-B65F-BA88DC318EE2}.Release|iPhone.Build.0 = Release|Any CPU
		{82FB3C24-0670-4EBB-B65F-BA88DC318EE2}.Release|iPhone.Deploy.0 = Release|Any CPU
		{82FB3C24-0670-4EBB-B65F-BA88DC318EE2}.Release|iPhoneSimulator.ActiveCfg = Release|Any CPU
		{82FB3C24-0670-4EBB-B65F-BA88DC318EE2}.Release|iPhoneSimulator.Build.0 = Release|Any CPU
		{82FB3C24-0670-4EBB-B65F-BA88DC318EE2}.Release|iPhoneSimulator.Deploy.0 = Release|Any CPU
		{F252510C-0123-41B0-BC49-FE047E2815A3}.Debug|Any CPU.ActiveCfg = Debug|Any CPU
		{F252510C-0123-41B0-BC49-FE047E2815A3}.Debug|Any CPU.Build.0 = Debug|Any CPU
		{F252510C-0123-41B0-BC49-FE047E2815A3}.Debug|iPhone.ActiveCfg = Debug|Any CPU
		{F252510C-0123-41B0-BC49-FE047E2815A3}.Debug|iPhone.Build.0 = Debug|Any CPU
		{F252510C-0123-41B0-BC49-FE047E2815A3}.Debug|iPhoneSimulator.ActiveCfg = Debug|Any CPU
		{F252510C-0123-41B0-BC49-FE047E2815A3}.Debug|iPhoneSimulator.Build.0 = Debug|Any CPU
		{F252510C-0123-41B0-BC49-FE047E2815A3}.Release|Any CPU.ActiveCfg = Release|Any CPU
		{F252510C-0123-41B0-BC49-FE047E2815A3}.Release|Any CPU.Build.0 = Release|Any CPU
		{F252510C-0123-41B0-BC49-FE047E2815A3}.Release|iPhone.ActiveCfg = Release|Any CPU
		{F252510C-0123-41B0-BC49-FE047E2815A3}.Release|iPhone.Build.0 = Release|Any CPU
		{F252510C-0123-41B0-BC49-FE047E2815A3}.Release|iPhoneSimulator.ActiveCfg = Release|Any CPU
		{F252510C-0123-41B0-BC49-FE047E2815A3}.Release|iPhoneSimulator.Build.0 = Release|Any CPU
	EndGlobalSection
	GlobalSection(SolutionProperties) = preSolution
		HideSolutionNode = FALSE
	EndGlobalSection
	GlobalSection(ExtensibilityGlobals) = postSolution
		SolutionGuid = {984E4AB8-DCF2-40AA-A12D-EC119B93492D}
	EndGlobalSection
EndGlobal
